
Microsoft Visual Studio Solution File, Format Version 12.00
# Visual Studio 15
VisualStudioVersion = 15.0.28307.102
MinimumVisualStudioVersion = 10.0.40219.1
Project("{FAE04EC0-301F-11D3-BF4B-00C04F79EFBC}") = "BS.SOLGAS", "BS.SOLGAS\BS.SOLGAS.csproj", "{83DF154C-7A46-4F52-ABA9-A0023D39F532}"
EndProject
Global
	GlobalSection(SolutionConfigurationPlatforms) = preSolution
		Debug|Any CPU = Debug|Any CPU
		Release|Any CPU = Release|Any CPU
	EndGlobalSection
	GlobalSection(ProjectConfigurationPlatforms) = postSolution
		{83DF154C-7A46-4F52-ABA9-A0023D39F532}.Debug|Any CPU.ActiveCfg = Debug|Any CPU
		{83DF154C-7A46-4F52-ABA9-A0023D39F532}.Debug|Any CPU.Build.0 = Debug|Any CPU
		{83DF154C-7A46-4F52-ABA9-A0023D39F532}.Release|Any CPU.ActiveCfg = Release|Any CPU
		{83DF154C-7A46-4F52-ABA9-A0023D39F532}.Release|Any CPU.Build.0 = Release|Any CPU
	EndGlobalSection
	GlobalSection(SolutionProperties) = preSolution
		HideSolutionNode = FALSE
	EndGlobalSection
	GlobalSection(ExtensibilityGlobals) = postSolution
		SolutionGuid = {01AFAD72-2AA8-4D3E-A3DC-543E26A1F215}
	EndGlobalSection
EndGlobal
